
Microsoft Visual Studio Solution File, Format Version 12.00
# Visual Studio Version 16
VisualStudioVersion = 16.0.28922.388
MinimumVisualStudioVersion = 10.0.40219.1
Project("{FAE04EC0-301F-11D3-BF4B-00C04F79EFBC}") = "Comportamiento_Mediator", "Comportamiento_Mediator.csproj", "{19A510BF-4D81-4B0B-9D6F-C74EBDCE8B4C}"
EndProject
Global
	GlobalSection(SolutionConfigurationPlatforms) = preSolution
		Debug|Any CPU = Debug|Any CPU
		Release|Any CPU = Release|Any CPU
	EndGlobalSection
	GlobalSection(ProjectConfigurationPlatforms) = postSolution
		{19A510BF-4D81-4B0B-9D6F-C74EBDCE8B4C}.Debug|Any CPU.ActiveCfg = Debug|Any CPU
		{19A510BF-4D81-4B0B-9D6F-C74EBDCE8B4C}.Debug|Any CPU.Build.0 = Debug|Any CPU
		{19A510BF-4D81-4B0B-9D6F-C74EBDCE8B4C}.Release|Any CPU.ActiveCfg = Release|Any CPU
		{19A510BF-4D81-4B0B-9D6F-C74EBDCE8B4C}.Release|Any CPU.Build.0 = Release|Any CPU
	EndGlobalSection
	GlobalSection(SolutionProperties) = preSolution
		HideSolutionNode = FALSE
	EndGlobalSection
	GlobalSection(ExtensibilityGlobals) = postSolution
		SolutionGuid = {CCB06E8D-7865-4AD4-8AB8-2512F2D7522D}
	EndGlobalSection
EndGlobal
